
Microsoft Visual Studio Solution File, Format Version 12.00
# Visual Studio Version 16
VisualStudioVersion = 16.0.30204.135
MinimumVisualStudioVersion = 10.0.40219.1
Project("{9A19103F-16F7-4668-BE54-9A1E7A4F7556}") = "LA.Core", "LA.Core\LA.Core.csproj", "{EE396A6D-C636-4D4B-8999-B5D5E246A5E6}"
EndProject
Project("{9A19103F-16F7-4668-BE54-9A1E7A4F7556}") = "LA.Infrastructure", "LA.Infrastructure\LA.Infrastructure.csproj", "{E79C09EE-F1AC-4BB0-A83B-0C689C46C797}"
EndProject
Project("{9A19103F-16F7-4668-BE54-9A1E7A4F7556}") = "LA.Tests", "LA.Tests\LA.Tests.csproj", "{6845FFA9-4BDD-418B-9684-E8621339C909}"
EndProject
Project("{9A19103F-16F7-4668-BE54-9A1E7A4F7556}") = "LA.Web", "LA.Web\LA.Web.csproj", "{F4E0A4C6-C892-447D-9DF8-17E01E7A87B4}"
EndProject
Global
	GlobalSection(SolutionConfigurationPlatforms) = preSolution
		Debug|Any CPU = Debug|Any CPU
		Release|Any CPU = Release|Any CPU
	EndGlobalSection
	GlobalSection(ProjectConfigurationPlatforms) = postSolution
		{EE396A6D-C636-4D4B-8999-B5D5E246A5E6}.Debug|Any CPU.ActiveCfg = Debug|Any CPU
		{EE396A6D-C636-4D4B-8999-B5D5E246A5E6}.Debug|Any CPU.Build.0 = Debug|Any CPU
		{EE396A6D-C636-4D4B-8999-B5D5E246A5E6}.Release|Any CPU.ActiveCfg = Release|Any CPU
		{EE396A6D-C636-4D4B-8999-B5D5E246A5E6}.Release|Any CPU.Build.0 = Release|Any CPU
		{E79C09EE-F1AC-4BB0-A83B-0C689C46C797}.Debug|Any CPU.ActiveCfg = Debug|Any CPU
		{E79C09EE-F1AC-4BB0-A83B-0C689C46C797}.Debug|Any CPU.Build.0 = Debug|Any CPU
		{E79C09EE-F1AC-4BB0-A83B-0C689C46C797}.Release|Any CPU.ActiveCfg = Release|Any CPU
		{E79C09EE-F1AC-4BB0-A83B-0C689C46C797}.Release|Any CPU.Build.0 = Release|Any CPU
		{6845FFA9-4BDD-418B-9684-E8621339C909}.Debug|Any CPU.ActiveCfg = Debug|Any CPU
		{6845FFA9-4BDD-418B-9684-E8621339C909}.Debug|Any CPU.Build.0 = Debug|Any CPU
		{6845FFA9-4BDD-418B-9684-E8621339C909}.Release|Any CPU.ActiveCfg = Release|Any CPU
		{6845FFA9-4BDD-418B-9684-E8621339C909}.Release|Any CPU.Build.0 = Release|Any CPU
		{F4E0A4C6-C892-447D-9DF8-17E01E7A87B4}.Debug|Any CPU.ActiveCfg = Debug|Any CPU
		{F4E0A4C6-C892-447D-9DF8-17E01E7A87B4}.Debug|Any CPU.Build.0 = Debug|Any CPU
		{F4E0A4C6-C892-447D-9DF8-17E01E7A87B4}.Release|Any CPU.ActiveCfg = Release|Any CPU
		{F4E0A4C6-C892-447D-9DF8-17E01E7A87B4}.Release|Any CPU.Build.0 = Release|Any CPU
	EndGlobalSection
	GlobalSection(SolutionProperties) = preSolution
		HideSolutionNode = FALSE
	EndGlobalSection
	GlobalSection(ExtensibilityGlobals) = postSolution
		SolutionGuid = {4294EADC-BACE-4CB9-8992-FBC6F951AE65}
	EndGlobalSection
EndGlobal
